
Microsoft Visual Studio Solution File, Format Version 12.00
# Visual Studio 2013
VisualStudioVersion = 12.0.40629.0
MinimumVisualStudioVersion = 10.0.40219.1
Project("{FAE04EC0-301F-11D3-BF4B-00C04F79EFBC}") = "loool", "loool\loool.csproj", "{354F9414-F159-4AC6-A9B3-7FC76CEA19D7}"
EndProject
Project("{FAE04EC0-301F-11D3-BF4B-00C04F79EFBC}") = "lool.Static", "lool.Static\lool.Static.csproj", "{F5DD00C1-01A7-4F58-ABF5-4174FA7D0CAD}"
EndProject
Global
	GlobalSection(SolutionConfigurationPlatforms) = preSolution
		Debug|Any CPU = Debug|Any CPU
		Release|Any CPU = Release|Any CPU
	EndGlobalSection
	GlobalSection(ProjectConfigurationPlatforms) = postSolution
		{354F9414-F159-4AC6-A9B3-7FC76CEA19D7}.Debug|Any CPU.ActiveCfg = Debug|Any CPU
		{354F9414-F159-4AC6-A9B3-7FC76CEA19D7}.Debug|Any CPU.Build.0 = Debug|Any CPU
		{354F9414-F159-4AC6-A9B3-7FC76CEA19D7}.Release|Any CPU.ActiveCfg = Release|Any CPU
		{354F9414-F159-4AC6-A9B3-7FC76CEA19D7}.Release|Any CPU.Build.0 = Release|Any CPU
		{F5DD00C1-01A7-4F58-ABF5-4174FA7D0CAD}.Debug|Any CPU.ActiveCfg = Debug|Any CPU
		{F5DD00C1-01A7-4F58-ABF5-4174FA7D0CAD}.Debug|Any CPU.Build.0 = Debug|Any CPU
		{F5DD00C1-01A7-4F58-ABF5-4174FA7D0CAD}.Release|Any CPU.ActiveCfg = Release|Any CPU
		{F5DD00C1-01A7-4F58-ABF5-4174FA7D0CAD}.Release|Any CPU.Build.0 = Release|Any CPU
	EndGlobalSection
	GlobalSection(SolutionProperties) = preSolution
		HideSolutionNode = FALSE
	EndGlobalSection
EndGlobal
